// !$*UTF8*$!
{
	archiveVersion = 1;
	classes = {
	};
	objectVersion = 50;
	objects = {

/* Begin PBXBuildFile section */
		9CDEF7A2207A94C10009109F /* sss.m in Sources */ = {isa = PBXBuildFile; fileRef = 9CDEF7A1207A94C10009109F /* sss.m */; };
		9CDEF7A5207A94C10009109F /* main.xib in Resources */ = {isa = PBXBuildFile; fileRef = 9CDEF7A3207A94C10009109F /* main.xib */; };
		9CDEF7A9207A94C10009109F /* InfoPlist.strings in Resources */ = {isa = PBXBuildFile; fileRef = 9CDEF7A7207A94C10009109F /* InfoPlist.strings */; };
/* End PBXBuildFile section */

/* Begin PBXFileReference section */
		9CDEF79D207A94C10009109F /* sss.action */ = {isa = PBXFileReference; explicitFileType = wrapper.cfbundle; includeInIndex = 0; path = sss.action; sourceTree = BUILT_PRODUCTS_DIR; };
		9CDEF7A0207A94C10009109F /* sss.h */ = {isa = PBXFileReference; lastKnownFileType = sourcecode.c.h; path = sss.h; sourceTree = "<group>"; };
		9CDEF7A1207A94C10009109F /* sss.m */ = {isa = PBXFileReference; lastKnownFileType = sourcecode.c.objc; path = sss.m; sourceTree = "<group>"; };
		9CDEF7A4207A94C10009109F /* Base */ = {isa = PBXFileReference; lastKnownFileType = file.xib; name = Base; path = Base.lproj/main.xib; sourceTree = "<group>"; };
		9CDEF7A6207A94C10009109F /* Info.plist */ = {isa = PBXFileReference; lastKnownFileType = text.plist.xml; path = Info.plist; sourceTree = "<group>"; };
		9CDEF7A8207A94C10009109F /* en */ = {isa = PBXFileReference; lastKnownFileType = text.plist.strings; name = en; path = en.lproj/InfoPlist.strings; sourceTree = "<group>"; };
/* End PBXFileReference section */

/* Begin PBXFrameworksBuildPhase section */
		9CDEF799207A94C10009109F /* Frameworks */ = {
			isa = PBXFrameworksBuildPhase;
			buildActionMask = 2147483647;
			files = (
			);
			runOnlyForDeploymentPostprocessing = 0;
		};
/* End PBXFrameworksBuildPhase section */

/* Begin PBXGroup section */
		9CDEF793207A94C00009109F = {
			isa = PBXGroup;
			children = (
				9CDEF79F207A94C10009109F /* sss */,
				9CDEF79E207A94C10009109F /* Products */,
			);
			sourceTree = "<group>";
		};
		9CDEF79E207A94C10009109F /* Products */ = {
			isa = PBXGroup;
			children = (
				9CDEF79D207A94C10009109F /* sss.action */,
			);
			name = Products;
			sourceTree = "<group>";
		};
		9CDEF79F207A94C10009109F /* sss */ = {
			isa = PBXGroup;
			children = (
				9CDEF7A0207A94C10009109F /* sss.h */,
				9CDEF7A1207A94C10009109F /* sss.m */,
				9CDEF7A3207A94C10009109F /* main.xib */,
				9CDEF7A6207A94C10009109F /* Info.plist */,
				9CDEF7A7207A94C10009109F /* InfoPlist.strings */,
			);
			path = sss;
			sourceTree = "<group>";
		};
/* End PBXGroup section */

/* Begin PBXNativeTarget section */
		9CDEF79C207A94C10009109F /* sss */ = {
			isa = PBXNativeTarget;
			buildConfigurationList = 9CDEF7AC207A94C10009109F /* Build configuration list for PBXNativeTarget "sss" */;
			buildPhases = (
				9CDEF798207A94C10009109F /* Sources */,
				9CDEF799207A94C10009109F /* Frameworks */,
				9CDEF79A207A94C10009109F /* Resources */,
				9CDEF79B207A94C10009109F /* ShellScript */,
			);
			buildRules = (
			);
			dependencies = (
			);
			name = sss;
			productName = sss;
			productReference = 9CDEF79D207A94C10009109F /* sss.action */;
			productType = "com.apple.product-type.bundle";
		};
/* End PBXNativeTarget section */

/* Begin PBXProject section */
		9CDEF794207A94C00009109F /* Project object */ = {
			isa = PBXProject;
			attributes = {
				LastUpgradeCheck = 0930;
				ORGANIZATIONNAME = "Sudprawat Atae";
				TargetAttributes = {
					9CDEF79C207A94C10009109F = {
						CreatedOnToolsVersion = 9.3;
					};
				};
			};
			buildConfigurationList = 9CDEF797207A94C00009109F /* Build configuration list for PBXProject "sss" */;
			compatibilityVersion = "Xcode 9.3";
			developmentRegion = en;
			hasScannedForEncodings = 0;
			knownRegions = (
				en,
				Base,
			);
			mainGroup = 9CDEF793207A94C00009109F;
			productRefGroup = 9CDEF79E207A94C10009109F /* Products */;
			projectDirPath = "";
			projectRoot = "";
			targets = (
				9CDEF79C207A94C10009109F /* sss */,
			);
		};
/* End PBXProject section */

/* Begin PBXResourcesBuildPhase section */
		9CDEF79A207A94C10009109F /* Resources */ = {
			isa = PBXResourcesBuildPhase;
			buildActionMask = 2147483647;
			files = (
				9CDEF7A5207A94C10009109F /* main.xib in Resources */,
				9CDEF7A9207A94C10009109F /* InfoPlist.strings in Resources */,
			);
			runOnlyForDeploymentPostprocessing = 0;
		};
/* End PBXResourcesBuildPhase section */

/* Begin PBXShellScriptBuildPhase section */
		9CDEF79B207A94C10009109F /* ShellScript */ = {
			isa = PBXShellScriptBuildPhase;
			buildActionMask = 2147483647;
			files = (
			);
			inputPaths = (
			);
			outputPaths = (
			);
			runOnlyForDeploymentPostprocessing = 0;
			shellPath = /bin/sh;
			shellScript = "amlint \"${BUILT_PRODUCTS_DIR}/${FULL_PRODUCT_NAME}\"";
		};
/* End PBXShellScriptBuildPhase section */

/* Begin PBXSourcesBuildPhase section */
		9CDEF798207A94C10009109F /* Sources */ = {
			isa = PBXSourcesBuildPhase;
			buildActionMask = 2147483647;
			files = (
				9CDEF7A2207A94C10009109F /* sss.m in Sources */,
			);
			runOnlyForDeploymentPostprocessing = 0;
		};
/* End PBXSourcesBuildPhase section */

/* Begin PBXVariantGroup section */
		9CDEF7A3207A94C10009109F /* main.xib */ = {
			isa = PBXVariantGroup;
			children = (
				9CDEF7A4207A94C10009109F /* Base */,
			);
			name = main.xib;
			sourceTree = "<group>";
		};
		9CDEF7A7207A94C10009109F /* InfoPlist.strings */ = {
			isa = PBXVariantGroup;
			children = (
				9CDEF7A8207A94C10009109F /* en */,
			);
			name = InfoPlist.strings;
			sourceTree = "<group>";
		};
/* End PBXVariantGroup section */

/* Begin XCBuildConfiguration section */
		9CDEF7AA207A94C10009109F /* Debug */ = {
			isa = XCBuildConfiguration;
			buildSettings = {
				ALWAYS_SEARCH_USER_PATHS = NO;
				CLANG_ANALYZER_NONNULL = YES;
				CLANG_ANALYZER_NUMBER_OBJECT_CONVERSION = YES_AGGRESSIVE;
				CLANG_CXX_LANGUAGE_STANDARD = "gnu++14";
				CLANG_CXX_LIBRARY = "libc++";
				CLANG_ENABLE_MODULES = YES;
				CLANG_ENABLE_OBJC_ARC = YES;
				CLANG_ENABLE_OBJC_WEAK = YES;
				CLANG_WARN_BLOCK_CAPTURE_AUTORELEASING = YES;
				CLANG_WARN_BOOL_CONVERSION = YES;
				CLANG_WARN_COMMA = YES;
				CLANG_WARN_CONSTANT_CONVERSION = YES;
				CLANG_WARN_DEPRECATED_OBJC_IMPLEMENTATIONS = YES;
				CLANG_WARN_DIRECT_OBJC_ISA_USAGE = YES_ERROR;
				CLANG_WARN_DOCUMENTATION_COMMENTS = YES;
				CLANG_WARN_EMPTY_BODY = YES;
				CLANG_WARN_ENUM_CONVERSION = YES;
				CLANG_WARN_INFINITE_RECURSION = YES;
				CLANG_WARN_INT_CONVERSION = YES;
				CLANG_WARN_NON_LITERAL_NULL_CONVERSION = YES;
				CLANG_WARN_OBJC_IMPLICIT_RETAIN_SELF = YES;
				CLANG_WARN_OBJC_LITERAL_CONVERSION = YES;
				CLANG_WARN_OBJC_ROOT_CLASS = YES_ERROR;
				CLANG_WARN_RANGE_LOOP_ANALYSIS = YES;
				CLANG_WARN_STRICT_PROTOTYPES = YES;
				CLANG_WARN_SUSPICIOUS_MOVE = YES;
				CLANG_WARN_UNGUARDED_AVAILABILITY = YES_AGGRESSIVE;
				CLANG_WARN_UNREACHABLE_CODE = YES;
				CLANG_WARN__DUPLICATE_METHOD_MATCH = YES;
				CODE_SIGN_IDENTITY = "-";
				COPY_PHASE_STRIP = NO;
				DEBUG_INFORMATION_FORMAT = dwarf;
				ENABLE_STRICT_OBJC_MSGSEND = YES;
				ENABLE_TESTABILITY = YES;
				GCC_C_LANGUAGE_STANDARD = gnu11;
				GCC_DYNAMIC_NO_PIC = NO;
				GCC_NO_COMMON_BLOCKS = YES;
				GCC_OPTIMIZATION_LEVEL = 0;
				GCC_PREPROCESSOR_DEFINITIONS = (
					"DEBUG=1",
					"$(inherited)",
				);
				GCC_WARN_64_TO_32_BIT_CONVERSION = YES;
				GCC_WARN_ABOUT_RETURN_TYPE = YES_ERROR;
				GCC_WARN_UNDECLARED_SELECTOR = YES;
				GCC_WARN_UNINITIALIZED_AUTOS = YES_AGGRESSIVE;
				GCC_WARN_UNUSED_FUNCTION = YES;
				GCC_WARN_UNUSED_VARIABLE = YES;
				MACOSX_DEPLOYMENT_TARGET = 10.13;
				MTL_ENABLE_DEBUG_INFO = YES;
				ONLY_ACTIVE_ARCH = YES;
				SDKROOT = macosx;
			};
			name = Debug;
		};
		9CDEF7AB207A94C10009109F /* Release */ = {
			isa = XCBuildConfiguration;
			buildSettings = {
				ALWAYS_SEARCH_USER_PATHS = NO;
				CLANG_ANALYZER_NONNULL = YES;
				CLANG_ANALYZER_NUMBER_OBJECT_CONVERSION = YES_AGGRESSIVE;
				CLANG_CXX_LANGUAGE_STANDARD = "gnu++14";
				CLANG_CXX_LIBRARY = "libc++";
				CLANG_ENABLE_MODULES = YES;
				CLANG_ENABLE_OBJC_ARC = YES;
				CLANG_ENABLE_OBJC_WEAK = YES;
				CLANG_WARN_BLOCK_CAPTURE_AUTORELEASING = YES;
				CLANG_WARN_BOOL_CONVERSION = YES;
				CLANG_WARN_COMMA = YES;
				CLANG_WARN_CONSTANT_CONVERSION = YES;
				CLANG_WARN_DEPRECATED_OBJC_IMPLEMENTATIONS = YES;
				CLANG_WARN_DIRECT_OBJC_ISA_USAGE = YES_ERROR;
				CLANG_WARN_DOCUMENTATION_COMMENTS = YES;
				CLANG_WARN_EMPTY_BODY = YES;
				CLANG_WARN_ENUM_CONVERSION = YES;
				CLANG_WARN_INFINITE_RECURSION = YES;
				CLANG_WARN_INT_CONVERSION = YES;
				CLANG_WARN_NON_LITERAL_NULL_CONVERSION = YES;
				CLANG_WARN_OBJC_IMPLICIT_RETAIN_SELF = YES;
				CLANG_WARN_OBJC_LITERAL_CONVERSION = YES;
				CLANG_WARN_OBJC_ROOT_CLASS = YES_ERROR;
				CLANG_WARN_RANGE_LOOP_ANALYSIS = YES;
				CLANG_WARN_STRICT_PROTOTYPES = YES;
				CLANG_WARN_SUSPICIOUS_MOVE = YES;
				CLANG_WARN_UNGUARDED_AVAILABILITY = YES_AGGRESSIVE;
				CLANG_WARN_UNREACHABLE_CODE = YES;
				CLANG_WARN__DUPLICATE_METHOD_MATCH = YES;
				CODE_SIGN_IDENTITY = "-";
				COPY_PHASE_STRIP = NO;
				DEBUG_INFORMATION_FORMAT = "dwarf-with-dsym";
				ENABLE_NS_ASSERTIONS = NO;
				ENABLE_STRICT_OBJC_MSGSEND = YES;
				GCC_C_LANGUAGE_STANDARD = gnu11;
				GCC_NO_COMMON_BLOCKS = YES;
				GCC_WARN_64_TO_32_BIT_CONVERSION = YES;
				GCC_WARN_ABOUT_RETURN_TYPE = YES_ERROR;
				GCC_WARN_UNDECLARED_SELECTOR = YES;
				GCC_WARN_UNINITIALIZED_AUTOS = YES_AGGRESSIVE;
				GCC_WARN_UNUSED_FUNCTION = YES;
				GCC_WARN_UNUSED_VARIABLE = YES;
				MACOSX_DEPLOYMENT_TARGET = 10.13;
				MTL_ENABLE_DEBUG_INFO = NO;
				SDKROOT = macosx;
			};
			name = Release;
		};
		9CDEF7AD207A94C10009109F /* Debug */ = {
			isa = XCBuildConfiguration;
			buildSettings = {
				CODE_SIGN_STYLE = Automatic;
				COMBINE_HIDPI_IMAGES = YES;
				INFOPLIST_FILE = sss/Info.plist;
				INSTALL_PATH = "$(HOME)/Library/Automator";
				OTHER_OSAFLAGS = "-x -t 0 -c 0";
				PRODUCT_BUNDLE_IDENTIFIER = sss.sss;
				PRODUCT_NAME = "$(TARGET_NAME)";
				WRAPPER_EXTENSION = action;
			};
			name = Debug;
		};
		9CDEF7AE207A94C10009109F /* Release */ = {
			isa = XCBuildConfiguration;
			buildSettings = {
				CODE_SIGN_STYLE = Automatic;
				COMBINE_HIDPI_IMAGES = YES;
				INFOPLIST_FILE = sss/Info.plist;
				INSTALL_PATH = "$(HOME)/Library/Automator";
				OTHER_OSAFLAGS = "-x -t 0 -c 0";
				PRODUCT_BUNDLE_IDENTIFIER = sss.sss;
				PRODUCT_NAME = "$(TARGET_NAME)";
				WRAPPER_EXTENSION = action;
			};
			name = Release;
		};
/* End XCBuildConfiguration section */

/* Begin XCConfigurationList section */
		9CDEF797207A94C00009109F /* Build configuration list for PBXProject "sss" */ = {
			isa = XCConfigurationList;
			buildConfigurations = (
				9CDEF7AA207A94C10009109F /* Debug */,
				9CDEF7AB207A94C10009109F /* Release */,
			);
			defaultConfigurationIsVisible = 0;
			defaultConfigurationName = Release;
		};
		9CDEF7AC207A94C10009109F /* Build configuration list for PBXNativeTarget "sss" */ = {
			isa = XCConfigurationList;
			buildConfigurations = (
				9CDEF7AD207A94C10009109F /* Debug */,
				9CDEF7AE207A94C10009109F /* Release */,
			);
			defaultConfigurationIsVisible = 0;
			defaultConfigurationName = Release;
		};
/* End XCConfigurationList section */
	};
	rootObject = 9CDEF794207A94C00009109F /* Project object */;
}
